// !$*UTF8*$!
{
	archiveVersion = 1;
	classes = {
	};
	objectVersion = 50;
	objects = {

/* Begin PBXBuildFile section */
		AE18788E22FC1E49001F2394 /* MainViewController.swift in Sources */ = {isa = PBXBuildFile; fileRef = AE18788D22FC1E49001F2394 /* MainViewController.swift */; };
		AE1EE5D222FB14A8002A1CF9 /* model.swift in Sources */ = {isa = PBXBuildFile; fileRef = AE1EE5D122FB14A8002A1CF9 /* model.swift */; };
		AE63DFE622FD2D3600691EEA /* myUtil.swift in Sources */ = {isa = PBXBuildFile; fileRef = AE63DFE522FD2D3600691EEA /* myUtil.swift */; };
		AE63DFE822FD3EB100691EEA /* ListFirstLevelView.swift in Sources */ = {isa = PBXBuildFile; fileRef = AE63DFE722FD3EB100691EEA /* ListFirstLevelView.swift */; };
		AE8AB5B9230BF63C00632915 /* PayView.swift in Sources */ = {isa = PBXBuildFile; fileRef = AE8AB5B8230BF63C00632915 /* PayView.swift */; };
		AE8AB5BB230D376B00632915 /* AddPayVC.swift in Sources */ = {isa = PBXBuildFile; fileRef = AE8AB5BA230D376B00632915 /* AddPayVC.swift */; };
		AE9E24CC2303E48C00567A7A /* DetailVC.swift in Sources */ = {isa = PBXBuildFile; fileRef = AE9E24CB2303E48C00567A7A /* DetailVC.swift */; };
		AED8DB7622FB0E86001274BA /* AppDelegate.swift in Sources */ = {isa = PBXBuildFile; fileRef = AED8DB7522FB0E86001274BA /* AppDelegate.swift */; };
		AED8DB7B22FB0E86001274BA /* Main.storyboard in Resources */ = {isa = PBXBuildFile; fileRef = AED8DB7922FB0E86001274BA /* Main.storyboard */; };
		AED8DB7D22FB0E87001274BA /* Assets.xcassets in Resources */ = {isa = PBXBuildFile; fileRef = AED8DB7C22FB0E87001274BA /* Assets.xcassets */; };
		AED8DB8022FB0E87001274BA /* LaunchScreen.storyboard in Resources */ = {isa = PBXBuildFile; fileRef = AED8DB7E22FB0E87001274BA /* LaunchScreen.storyboard */; };
/* End PBXBuildFile section */

/* Begin PBXFileReference section */
		AE18788D22FC1E49001F2394 /* MainViewController.swift */ = {isa = PBXFileReference; lastKnownFileType = sourcecode.swift; path = MainViewController.swift; sourceTree = "<group>"; };
		AE1EE5D122FB14A8002A1CF9 /* model.swift */ = {isa = PBXFileReference; lastKnownFileType = sourcecode.swift; path = model.swift; sourceTree = "<group>"; };
		AE63DFE522FD2D3600691EEA /* myUtil.swift */ = {isa = PBXFileReference; lastKnownFileType = sourcecode.swift; path = myUtil.swift; sourceTree = "<group>"; };
		AE63DFE722FD3EB100691EEA /* ListFirstLevelView.swift */ = {isa = PBXFileReference; lastKnownFileType = sourcecode.swift; path = ListFirstLevelView.swift; sourceTree = "<group>"; };
		AE8AB5B8230BF63C00632915 /* PayView.swift */ = {isa = PBXFileReference; lastKnownFileType = sourcecode.swift; path = PayView.swift; sourceTree = "<group>"; };
		AE8AB5BA230D376B00632915 /* AddPayVC.swift */ = {isa = PBXFileReference; lastKnownFileType = sourcecode.swift; path = AddPayVC.swift; sourceTree = "<group>"; };
		AE9E24CB2303E48C00567A7A /* DetailVC.swift */ = {isa = PBXFileReference; lastKnownFileType = sourcecode.swift; path = DetailVC.swift; sourceTree = "<group>"; };
		AED8DB7222FB0E86001274BA /* ARB.app */ = {isa = PBXFileReference; explicitFileType = wrapper.application; includeInIndex = 0; path = ARB.app; sourceTree = BUILT_PRODUCTS_DIR; };
		AED8DB7522FB0E86001274BA /* AppDelegate.swift */ = {isa = PBXFileReference; lastKnownFileType = sourcecode.swift; path = AppDelegate.swift; sourceTree = "<group>"; };
		AED8DB7A22FB0E86001274BA /* Base */ = {isa = PBXFileReference; lastKnownFileType = file.storyboard; name = Base; path = Base.lproj/Main.storyboard; sourceTree = "<group>"; };
		AED8DB7C22FB0E87001274BA /* Assets.xcassets */ = {isa = PBXFileReference; lastKnownFileType = folder.assetcatalog; path = Assets.xcassets; sourceTree = "<group>"; };
		AED8DB7F22FB0E87001274BA /* Base */ = {isa = PBXFileReference; lastKnownFileType = file.storyboard; name = Base; path = Base.lproj/LaunchScreen.storyboard; sourceTree = "<group>"; };
		AED8DB8122FB0E87001274BA /* Info.plist */ = {isa = PBXFileReference; lastKnownFileType = text.plist.xml; path = Info.plist; sourceTree = "<group>"; };
/* End PBXFileReference section */

/* Begin PBXFrameworksBuildPhase section */
		AED8DB6F22FB0E86001274BA /* Frameworks */ = {
			isa = PBXFrameworksBuildPhase;
			buildActionMask = 2147483647;
			files = (
			);
			runOnlyForDeploymentPostprocessing = 0;
		};
/* End PBXFrameworksBuildPhase section */

/* Begin PBXGroup section */
		AED8DB6922FB0E86001274BA = {
			isa = PBXGroup;
			children = (
				AED8DB7422FB0E86001274BA /* ARB */,
				AED8DB7322FB0E86001274BA /* Products */,
			);
			sourceTree = "<group>";
		};
		AED8DB7322FB0E86001274BA /* Products */ = {
			isa = PBXGroup;
			children = (
				AED8DB7222FB0E86001274BA /* ARB.app */,
			);
			name = Products;
			sourceTree = "<group>";
		};
		AED8DB7422FB0E86001274BA /* ARB */ = {
			isa = PBXGroup;
			children = (
				AE1EE5D122FB14A8002A1CF9 /* model.swift */,
				AED8DB7522FB0E86001274BA /* AppDelegate.swift */,
				AED8DB7922FB0E86001274BA /* Main.storyboard */,
				AE63DFE722FD3EB100691EEA /* ListFirstLevelView.swift */,
				AE8AB5B8230BF63C00632915 /* PayView.swift */,
				AE8AB5BA230D376B00632915 /* AddPayVC.swift */,
				AE63DFE522FD2D3600691EEA /* myUtil.swift */,
				AE9E24CB2303E48C00567A7A /* DetailVC.swift */,
				AED8DB7C22FB0E87001274BA /* Assets.xcassets */,
				AED8DB7E22FB0E87001274BA /* LaunchScreen.storyboard */,
				AE18788D22FC1E49001F2394 /* MainViewController.swift */,
				AED8DB8122FB0E87001274BA /* Info.plist */,
			);
			path = ARB;
			sourceTree = "<group>";
		};
/* End PBXGroup section */

/* Begin PBXNativeTarget section */
		AED8DB7122FB0E86001274BA /* ARB */ = {
			isa = PBXNativeTarget;
			buildConfigurationList = AED8DB8422FB0E87001274BA /* Build configuration list for PBXNativeTarget "ARB" */;
			buildPhases = (
				AED8DB6E22FB0E86001274BA /* Sources */,
				AED8DB6F22FB0E86001274BA /* Frameworks */,
				AED8DB7022FB0E86001274BA /* Resources */,
			);
			buildRules = (
			);
			dependencies = (
			);
			name = ARB;
			productName = ARB;
			productReference = AED8DB7222FB0E86001274BA /* ARB.app */;
			productType = "com.apple.product-type.application";
		};
/* End PBXNativeTarget section */

/* Begin PBXProject section */
		AED8DB6A22FB0E86001274BA /* Project object */ = {
			isa = PBXProject;
			attributes = {
				LastSwiftUpdateCheck = 1030;
				LastUpgradeCheck = 1030;
				ORGANIZATIONNAME = "DMITRIY DETKIN";
				TargetAttributes = {
					AED8DB7122FB0E86001274BA = {
						CreatedOnToolsVersion = 10.3;
					};
				};
			};
			buildConfigurationList = AED8DB6D22FB0E86001274BA /* Build configuration list for PBXProject "ARB" */;
			compatibilityVersion = "Xcode 9.3";
			developmentRegion = en;
			hasScannedForEncodings = 0;
			knownRegions = (
				en,
				Base,
			);
			mainGroup = AED8DB6922FB0E86001274BA;
			productRefGroup = AED8DB7322FB0E86001274BA /* Products */;
			projectDirPath = "";
			projectRoot = "";
			targets = (
				AED8DB7122FB0E86001274BA /* ARB */,
			);
		};
/* End PBXProject section */

/* Begin PBXResourcesBuildPhase section */
		AED8DB7022FB0E86001274BA /* Resources */ = {
			isa = PBXResourcesBuildPhase;
			buildActionMask = 2147483647;
			files = (
				AED8DB8022FB0E87001274BA /* LaunchScreen.storyboard in Resources */,
				AED8DB7D22FB0E87001274BA /* Assets.xcassets in Resources */,
				AED8DB7B22FB0E86001274BA /* Main.storyboard in Resources */,
			);
			runOnlyForDeploymentPostprocessing = 0;
		};
/* End PBXResourcesBuildPhase section */

/* Begin PBXSourcesBuildPhase section */
		AED8DB6E22FB0E86001274BA /* Sources */ = {
			isa = PBXSourcesBuildPhase;
			buildActionMask = 2147483647;
			files = (
				AE8AB5B9230BF63C00632915 /* PayView.swift in Sources */,
				AE18788E22FC1E49001F2394 /* MainViewController.swift in Sources */,
				AED8DB7622FB0E86001274BA /* AppDelegate.swift in Sources */,
				AE1EE5D222FB14A8002A1CF9 /* model.swift in Sources */,
				AE63DFE622FD2D3600691EEA /* myUtil.swift in Sources */,
				AE8AB5BB230D376B00632915 /* AddPayVC.swift in Sources */,
				AE63DFE822FD3EB100691EEA /* ListFirstLevelView.swift in Sources */,
				AE9E24CC2303E48C00567A7A /* DetailVC.swift in Sources */,
			);
			runOnlyForDeploymentPostprocessing = 0;
		};
/* End PBXSourcesBuildPhase section */

/* Begin PBXVariantGroup section */
		AED8DB7922FB0E86001274BA /* Main.storyboard */ = {
			isa = PBXVariantGroup;
			children = (
				AED8DB7A22FB0E86001274BA /* Base */,
			);
			name = Main.storyboard;
			sourceTree = "<group>";
		};
		AED8DB7E22FB0E87001274BA /* LaunchScreen.storyboard */ = {
			isa = PBXVariantGroup;
			children = (
				AED8DB7F22FB0E87001274BA /* Base */,
			);
			name = LaunchScreen.storyboard;
			sourceTree = "<group>";
		};
/* End PBXVariantGroup section */

/* Begin XCBuildConfiguration section */
		AED8DB8222FB0E87001274BA /* Debug */ = {
			isa = XCBuildConfiguration;
			buildSettings = {
				ALWAYS_SEARCH_USER_PATHS = NO;
				CLANG_ANALYZER_NONNULL = YES;
				CLANG_ANALYZER_NUMBER_OBJECT_CONVERSION = YES_AGGRESSIVE;
				CLANG_CXX_LANGUAGE_STANDARD = "gnu++14";
				CLANG_CXX_LIBRARY = "libc++";
				CLANG_ENABLE_MODULES = YES;
				CLANG_ENABLE_OBJC_ARC = YES;
				CLANG_ENABLE_OBJC_WEAK = YES;
				CLANG_WARN_BLOCK_CAPTURE_AUTORELEASING = YES;
				CLANG_WARN_BOOL_CONVERSION = YES;
				CLANG_WARN_COMMA = YES;
				CLANG_WARN_CONSTANT_CONVERSION = YES;
				CLANG_WARN_DEPRECATED_OBJC_IMPLEMENTATIONS = YES;
				CLANG_WARN_DIRECT_OBJC_ISA_USAGE = YES_ERROR;
				CLANG_WARN_DOCUMENTATION_COMMENTS = YES;
				CLANG_WARN_EMPTY_BODY = YES;
				CLANG_WARN_ENUM_CONVERSION = YES;
				CLANG_WARN_INFINITE_RECURSION = YES;
				CLANG_WARN_INT_CONVERSION = YES;
				CLANG_WARN_NON_LITERAL_NULL_CONVERSION = YES;
				CLANG_WARN_OBJC_IMPLICIT_RETAIN_SELF = YES;
				CLANG_WARN_OBJC_LITERAL_CONVERSION = YES;
				CLANG_WARN_OBJC_ROOT_CLASS = YES_ERROR;
				CLANG_WARN_RANGE_LOOP_ANALYSIS = YES;
				CLANG_WARN_STRICT_PROTOTYPES = YES;
				CLANG_WARN_SUSPICIOUS_MOVE = YES;
				CLANG_WARN_UNGUARDED_AVAILABILITY = YES_AGGRESSIVE;
				CLANG_WARN_UNREACHABLE_CODE = YES;
				CLANG_WARN__DUPLICATE_METHOD_MATCH = YES;
				CODE_SIGN_IDENTITY = "iPhone Developer";
				COPY_PHASE_STRIP = NO;
				DEBUG_INFORMATION_FORMAT = dwarf;
				ENABLE_STRICT_OBJC_MSGSEND = YES;
				ENABLE_TESTABILITY = YES;
				GCC_C_LANGUAGE_STANDARD = gnu11;
				GCC_DYNAMIC_NO_PIC = NO;
				GCC_NO_COMMON_BLOCKS = YES;
				GCC_OPTIMIZATION_LEVEL = 0;
				GCC_PREPROCESSOR_DEFINITIONS = (
					"DEBUG=1",
					"$(inherited)",
				);
				GCC_WARN_64_TO_32_BIT_CONVERSION = YES;
				GCC_WARN_ABOUT_RETURN_TYPE = YES_ERROR;
				GCC_WARN_UNDECLARED_SELECTOR = YES;
				GCC_WARN_UNINITIALIZED_AUTOS = YES_AGGRESSIVE;
				GCC_WARN_UNUSED_FUNCTION = YES;
				GCC_WARN_UNUSED_VARIABLE = YES;
				IPHONEOS_DEPLOYMENT_TARGET = 12.4;
				MTL_ENABLE_DEBUG_INFO = INCLUDE_SOURCE;
				MTL_FAST_MATH = YES;
				ONLY_ACTIVE_ARCH = YES;
				SDKROOT = iphoneos;
				SWIFT_ACTIVE_COMPILATION_CONDITIONS = DEBUG;
				SWIFT_OPTIMIZATION_LEVEL = "-Onone";
			};
			name = Debug;
		};
		AED8DB8322FB0E87001274BA /* Release */ = {
			isa = XCBuildConfiguration;
			buildSettings = {
				ALWAYS_SEARCH_USER_PATHS = NO;
				CLANG_ANALYZER_NONNULL = YES;
				CLANG_ANALYZER_NUMBER_OBJECT_CONVERSION = YES_AGGRESSIVE;
				CLANG_CXX_LANGUAGE_STANDARD = "gnu++14";
				CLANG_CXX_LIBRARY = "libc++";
				CLANG_ENABLE_MODULES = YES;
				CLANG_ENABLE_OBJC_ARC = YES;
				CLANG_ENABLE_OBJC_WEAK = YES;
				CLANG_WARN_BLOCK_CAPTURE_AUTORELEASING = YES;
				CLANG_WARN_BOOL_CONVERSION = YES;
				CLANG_WARN_COMMA = YES;
				CLANG_WARN_CONSTANT_CONVERSION = YES;
				CLANG_WARN_DEPRECATED_OBJC_IMPLEMENTATIONS = YES;
				CLANG_WARN_DIRECT_OBJC_ISA_USAGE = YES_ERROR;
				CLANG_WARN_DOCUMENTATION_COMMENTS = YES;
				CLANG_WARN_EMPTY_BODY = YES;
				CLANG_WARN_ENUM_CONVERSION = YES;
				CLANG_WARN_INFINITE_RECURSION = YES;
				CLANG_WARN_INT_CONVERSION = YES;
				CLANG_WARN_NON_LITERAL_NULL_CONVERSION = YES;
				CLANG_WARN_OBJC_IMPLICIT_RETAIN_SELF = YES;
				CLANG_WARN_OBJC_LITERAL_CONVERSION = YES;
				CLANG_WARN_OBJC_ROOT_CLASS = YES_ERROR;
				CLANG_WARN_RANGE_LOOP_ANALYSIS = YES;
				CLANG_WARN_STRICT_PROTOTYPES = YES;
				CLANG_WARN_SUSPICIOUS_MOVE = YES;
				CLANG_WARN_UNGUARDED_AVAILABILITY = YES_AGGRESSIVE;
				CLANG_WARN_UNREACHABLE_CODE = YES;
				CLANG_WARN__DUPLICATE_METHOD_MATCH = YES;
				CODE_SIGN_IDENTITY = "iPhone Developer";
				COPY_PHASE_STRIP = NO;
				DEBUG_INFORMATION_FORMAT = "dwarf-with-dsym";
				ENABLE_NS_ASSERTIONS = NO;
				ENABLE_STRICT_OBJC_MSGSEND = YES;
				GCC_C_LANGUAGE_STANDARD = gnu11;
				GCC_NO_COMMON_BLOCKS = YES;
				GCC_WARN_64_TO_32_BIT_CONVERSION = YES;
				GCC_WARN_ABOUT_RETURN_TYPE = YES_ERROR;
				GCC_WARN_UNDECLARED_SELECTOR = YES;
				GCC_WARN_UNINITIALIZED_AUTOS = YES_AGGRESSIVE;
				GCC_WARN_UNUSED_FUNCTION = YES;
				GCC_WARN_UNUSED_VARIABLE = YES;
				IPHONEOS_DEPLOYMENT_TARGET = 12.4;
				MTL_ENABLE_DEBUG_INFO = NO;
				MTL_FAST_MATH = YES;
				SDKROOT = iphoneos;
				SWIFT_COMPILATION_MODE = wholemodule;
				SWIFT_OPTIMIZATION_LEVEL = "-O";
				VALIDATE_PRODUCT = YES;
			};
			name = Release;
		};
		AED8DB8522FB0E87001274BA /* Debug */ = {
			isa = XCBuildConfiguration;
			buildSettings = {
				ASSETCATALOG_COMPILER_APPICON_NAME = AppIcon;
				CODE_SIGN_STYLE = Automatic;
				DEVELOPMENT_TEAM = 7SE34FE232;
				INFOPLIST_FILE = ARB/Info.plist;
				LD_RUNPATH_SEARCH_PATHS = (
					"$(inherited)",
					"@executable_path/Frameworks",
				);
				PRODUCT_BUNDLE_IDENTIFIER = APPT.ARB;
				PRODUCT_NAME = "$(TARGET_NAME)";
				SWIFT_VERSION = 5.0;
				TARGETED_DEVICE_FAMILY = 1;
			};
			name = Debug;
		};
		AED8DB8622FB0E87001274BA /* Release */ = {
			isa = XCBuildConfiguration;
			buildSettings = {
				ASSETCATALOG_COMPILER_APPICON_NAME = AppIcon;
				CODE_SIGN_STYLE = Automatic;
				DEVELOPMENT_TEAM = 7SE34FE232;
				INFOPLIST_FILE = ARB/Info.plist;
				LD_RUNPATH_SEARCH_PATHS = (
					"$(inherited)",
					"@executable_path/Frameworks",
				);
				PRODUCT_BUNDLE_IDENTIFIER = APPT.ARB;
				PRODUCT_NAME = "$(TARGET_NAME)";
				SWIFT_VERSION = 5.0;
				TARGETED_DEVICE_FAMILY = 1;
			};
			name = Release;
		};
/* End XCBuildConfiguration section */

/* Begin XCConfigurationList section */
		AED8DB6D22FB0E86001274BA /* Build configuration list for PBXProject "ARB" */ = {
			isa = XCConfigurationList;
			buildConfigurations = (
				AED8DB8222FB0E87001274BA /* Debug */,
				AED8DB8322FB0E87001274BA /* Release */,
			);
			defaultConfigurationIsVisible = 0;
			defaultConfigurationName = Release;
		};
		AED8DB8422FB0E87001274BA /* Build configuration list for PBXNativeTarget "ARB" */ = {
			isa = XCConfigurationList;
			buildConfigurations = (
				AED8DB8522FB0E87001274BA /* Debug */,
				AED8DB8622FB0E87001274BA /* Release */,
			);
			defaultConfigurationIsVisible = 0;
			defaultConfigurationName = Release;
		};
/* End XCConfigurationList section */
	};
	rootObject = AED8DB6A22FB0E86001274BA /* Project object */;
}
